
Microsoft Visual Studio Solution File, Format Version 12.00
# Visual Studio Version 17
VisualStudioVersion = 17.10.35013.160
MinimumVisualStudioVersion = 10.0.40219.1
Project("{FAE04EC0-301F-11D3-BF4B-00C04F79EFBC}") = "Shopquanao", "SHOPQA\Shopquanao.csproj", "{AE338E07-899D-4BAD-A7E4-AEAC5E030B46}"
EndProject
Global
	GlobalSection(SolutionConfigurationPlatforms) = preSolution
		Debug|Any CPU = Debug|Any CPU
		Release|Any CPU = Release|Any CPU
	EndGlobalSection
	GlobalSection(ProjectConfigurationPlatforms) = postSolution
		{AE338E07-899D-4BAD-A7E4-AEAC5E030B46}.Debug|Any CPU.ActiveCfg = Debug|Any CPU
		{AE338E07-899D-4BAD-A7E4-AEAC5E030B46}.Debug|Any CPU.Build.0 = Debug|Any CPU
		{AE338E07-899D-4BAD-A7E4-AEAC5E030B46}.Release|Any CPU.ActiveCfg = Release|Any CPU
		{AE338E07-899D-4BAD-A7E4-AEAC5E030B46}.Release|Any CPU.Build.0 = Release|Any CPU
	EndGlobalSection
	GlobalSection(SolutionProperties) = preSolution
		HideSolutionNode = FALSE
	EndGlobalSection
	GlobalSection(ExtensibilityGlobals) = postSolution
		SolutionGuid = {EF2F5FC1-9B05-479B-B190-28CBD3456788}
	EndGlobalSection
EndGlobal
